// !$*UTF8*$!
{
	archiveVersion = 1;
	classes = {
	};
	objectVersion = 50;
	objects = {

/* Begin PBXBuildFile section */
		669DDA8C25A649BA0088DD8B /* AppDelegate.swift in Sources */ = {isa = PBXBuildFile; fileRef = 669DDA8B25A649BA0088DD8B /* AppDelegate.swift */; };
		669DDA8E25A649BA0088DD8B /* SceneDelegate.swift in Sources */ = {isa = PBXBuildFile; fileRef = 669DDA8D25A649BA0088DD8B /* SceneDelegate.swift */; };
		669DDA9025A649BA0088DD8B /* ViewController.swift in Sources */ = {isa = PBXBuildFile; fileRef = 669DDA8F25A649BA0088DD8B /* ViewController.swift */; };
		669DDA9325A649BA0088DD8B /* Main.storyboard in Resources */ = {isa = PBXBuildFile; fileRef = 669DDA9125A649BA0088DD8B /* Main.storyboard */; };
		669DDA9525A649BB0088DD8B /* Assets.xcassets in Resources */ = {isa = PBXBuildFile; fileRef = 669DDA9425A649BB0088DD8B /* Assets.xcassets */; };
		669DDA9825A649BB0088DD8B /* LaunchScreen.storyboard in Resources */ = {isa = PBXBuildFile; fileRef = 669DDA9625A649BB0088DD8B /* LaunchScreen.storyboard */; };
		669DDAA325A649BC0088DD8B /* PreworkTests.swift in Sources */ = {isa = PBXBuildFile; fileRef = 669DDAA225A649BC0088DD8B /* PreworkTests.swift */; };
		669DDAAE25A649BC0088DD8B /* PreworkUITests.swift in Sources */ = {isa = PBXBuildFile; fileRef = 669DDAAD25A649BC0088DD8B /* PreworkUITests.swift */; };
/* End PBXBuildFile section */

/* Begin PBXContainerItemProxy section */
		669DDA9F25A649BC0088DD8B /* PBXContainerItemProxy */ = {
			isa = PBXContainerItemProxy;
			containerPortal = 669DDA8025A649BA0088DD8B /* Project object */;
			proxyType = 1;
			remoteGlobalIDString = 669DDA8725A649BA0088DD8B;
			remoteInfo = Prework;
		};
		669DDAAA25A649BC0088DD8B /* PBXContainerItemProxy */ = {
			isa = PBXContainerItemProxy;
			containerPortal = 669DDA8025A649BA0088DD8B /* Project object */;
			proxyType = 1;
			remoteGlobalIDString = 669DDA8725A649BA0088DD8B;
			remoteInfo = Prework;
		};
/* End PBXContainerItemProxy section */

/* Begin PBXFileReference section */
		669DDA8825A649BA0088DD8B /* Prework.app */ = {isa = PBXFileReference; explicitFileType = wrapper.application; includeInIndex = 0; path = Prework.app; sourceTree = BUILT_PRODUCTS_DIR; };
		669DDA8B25A649BA0088DD8B /* AppDelegate.swift */ = {isa = PBXFileReference; lastKnownFileType = sourcecode.swift; path = AppDelegate.swift; sourceTree = "<group>"; };
		669DDA8D25A649BA0088DD8B /* SceneDelegate.swift */ = {isa = PBXFileReference; lastKnownFileType = sourcecode.swift; path = SceneDelegate.swift; sourceTree = "<group>"; };
		669DDA8F25A649BA0088DD8B /* ViewController.swift */ = {isa = PBXFileReference; lastKnownFileType = sourcecode.swift; path = ViewController.swift; sourceTree = "<group>"; };
		669DDA9225A649BA0088DD8B /* Base */ = {isa = PBXFileReference; lastKnownFileType = file.storyboard; name = Base; path = Base.lproj/Main.storyboard; sourceTree = "<group>"; };
		669DDA9425A649BB0088DD8B /* Assets.xcassets */ = {isa = PBXFileReference; lastKnownFileType = folder.assetcatalog; path = Assets.xcassets; sourceTree = "<group>"; };
		669DDA9725A649BB0088DD8B /* Base */ = {isa = PBXFileReference; lastKnownFileType = file.storyboard; name = Base; path = Base.lproj/LaunchScreen.storyboard; sourceTree = "<group>"; };
		669DDA9925A649BB0088DD8B /* Info.plist */ = {isa = PBXFileReference; lastKnownFileType = text.plist.xml; path = Info.plist; sourceTree = "<group>"; };
		669DDA9E25A649BC0088DD8B /* PreworkTests.xctest */ = {isa = PBXFileReference; explicitFileType = wrapper.cfbundle; includeInIndex = 0; path = PreworkTests.xctest; sourceTree = BUILT_PRODUCTS_DIR; };
		669DDAA225A649BC0088DD8B /* PreworkTests.swift */ = {isa = PBXFileReference; lastKnownFileType = sourcecode.swift; path = PreworkTests.swift; sourceTree = "<group>"; };
		669DDAA425A649BC0088DD8B /* Info.plist */ = {isa = PBXFileReference; lastKnownFileType = text.plist.xml; path = Info.plist; sourceTree = "<group>"; };
		669DDAA925A649BC0088DD8B /* PreworkUITests.xctest */ = {isa = PBXFileReference; explicitFileType = wrapper.cfbundle; includeInIndex = 0; path = PreworkUITests.xctest; sourceTree = BUILT_PRODUCTS_DIR; };
		669DDAAD25A649BC0088DD8B /* PreworkUITests.swift */ = {isa = PBXFileReference; lastKnownFileType = sourcecode.swift; path = PreworkUITests.swift; sourceTree = "<group>"; };
		669DDAAF25A649BC0088DD8B /* Info.plist */ = {isa = PBXFileReference; lastKnownFileType = text.plist.xml; path = Info.plist; sourceTree = "<group>"; };
/* End PBXFileReference section */

/* Begin PBXFrameworksBuildPhase section */
		669DDA8525A649BA0088DD8B /* Frameworks */ = {
			isa = PBXFrameworksBuildPhase;
			buildActionMask = 2147483647;
			files = (
			);
			runOnlyForDeploymentPostprocessing = 0;
		};
		669DDA9B25A649BC0088DD8B /* Frameworks */ = {
			isa = PBXFrameworksBuildPhase;
			buildActionMask = 2147483647;
			files = (
			);
			runOnlyForDeploymentPostprocessing = 0;
		};
		669DDAA625A649BC0088DD8B /* Frameworks */ = {
			isa = PBXFrameworksBuildPhase;
			buildActionMask = 2147483647;
			files = (
			);
			runOnlyForDeploymentPostprocessing = 0;
		};
/* End PBXFrameworksBuildPhase section */

/* Begin PBXGroup section */
		669DDA7F25A649BA0088DD8B = {
			isa = PBXGroup;
			children = (
				669DDA8A25A649BA0088DD8B /* Prework */,
				669DDAA125A649BC0088DD8B /* PreworkTests */,
				669DDAAC25A649BC0088DD8B /* PreworkUITests */,
				669DDA8925A649BA0088DD8B /* Products */,
			);
			sourceTree = "<group>";
		};
		669DDA8925A649BA0088DD8B /* Products */ = {
			isa = PBXGroup;
			children = (
				669DDA8825A649BA0088DD8B /* Prework.app */,
				669DDA9E25A649BC0088DD8B /* PreworkTests.xctest */,
				669DDAA925A649BC0088DD8B /* PreworkUITests.xctest */,
			);
			name = Products;
			sourceTree = "<group>";
		};
		669DDA8A25A649BA0088DD8B /* Prework */ = {
			isa = PBXGroup;
			children = (
				669DDA8B25A649BA0088DD8B /* AppDelegate.swift */,
				669DDA8D25A649BA0088DD8B /* SceneDelegate.swift */,
				669DDA8F25A649BA0088DD8B /* ViewController.swift */,
				669DDA9125A649BA0088DD8B /* Main.storyboard */,
				669DDA9425A649BB0088DD8B /* Assets.xcassets */,
				669DDA9625A649BB0088DD8B /* LaunchScreen.storyboard */,
				669DDA9925A649BB0088DD8B /* Info.plist */,
			);
			path = Prework;
			sourceTree = "<group>";
		};
		669DDAA125A649BC0088DD8B /* PreworkTests */ = {
			isa = PBXGroup;
			children = (
				669DDAA225A649BC0088DD8B /* PreworkTests.swift */,
				669DDAA425A649BC0088DD8B /* Info.plist */,
			);
			path = PreworkTests;
			sourceTree = "<group>";
		};
		669DDAAC25A649BC0088DD8B /* PreworkUITests */ = {
			isa = PBXGroup;
			children = (
				669DDAAD25A649BC0088DD8B /* PreworkUITests.swift */,
				669DDAAF25A649BC0088DD8B /* Info.plist */,
			);
			path = PreworkUITests;
			sourceTree = "<group>";
		};
/* End PBXGroup section */

/* Begin PBXNativeTarget section */
		669DDA8725A649BA0088DD8B /* Prework */ = {
			isa = PBXNativeTarget;
			buildConfigurationList = 669DDAB225A649BC0088DD8B /* Build configuration list for PBXNativeTarget "Prework" */;
			buildPhases = (
				669DDA8425A649BA0088DD8B /* Sources */,
				669DDA8525A649BA0088DD8B /* Frameworks */,
				669DDA8625A649BA0088DD8B /* Resources */,
			);
			buildRules = (
			);
			dependencies = (
			);
			name = Prework;
			productName = Prework;
			productReference = 669DDA8825A649BA0088DD8B /* Prework.app */;
			productType = "com.apple.product-type.application";
		};
		669DDA9D25A649BC0088DD8B /* PreworkTests */ = {
			isa = PBXNativeTarget;
			buildConfigurationList = 669DDAB525A649BC0088DD8B /* Build configuration list for PBXNativeTarget "PreworkTests" */;
			buildPhases = (
				669DDA9A25A649BC0088DD8B /* Sources */,
				669DDA9B25A649BC0088DD8B /* Frameworks */,
				669DDA9C25A649BC0088DD8B /* Resources */,
			);
			buildRules = (
			);
			dependencies = (
				669DDAA025A649BC0088DD8B /* PBXTargetDependency */,
			);
			name = PreworkTests;
			productName = PreworkTests;
			productReference = 669DDA9E25A649BC0088DD8B /* PreworkTests.xctest */;
			productType = "com.apple.product-type.bundle.unit-test";
		};
		669DDAA825A649BC0088DD8B /* PreworkUITests */ = {
			isa = PBXNativeTarget;
			buildConfigurationList = 669DDAB825A649BC0088DD8B /* Build configuration list for PBXNativeTarget "PreworkUITests" */;
			buildPhases = (
				669DDAA525A649BC0088DD8B /* Sources */,
				669DDAA625A649BC0088DD8B /* Frameworks */,
				669DDAA725A649BC0088DD8B /* Resources */,
			);
			buildRules = (
			);
			dependencies = (
				669DDAAB25A649BC0088DD8B /* PBXTargetDependency */,
			);
			name = PreworkUITests;
			productName = PreworkUITests;
			productReference = 669DDAA925A649BC0088DD8B /* PreworkUITests.xctest */;
			productType = "com.apple.product-type.bundle.ui-testing";
		};
/* End PBXNativeTarget section */

/* Begin PBXProject section */
		669DDA8025A649BA0088DD8B /* Project object */ = {
			isa = PBXProject;
			attributes = {
				LastSwiftUpdateCheck = 1230;
				LastUpgradeCheck = 1230;
				TargetAttributes = {
					669DDA8725A649BA0088DD8B = {
						CreatedOnToolsVersion = 12.3;
					};
					669DDA9D25A649BC0088DD8B = {
						CreatedOnToolsVersion = 12.3;
						TestTargetID = 669DDA8725A649BA0088DD8B;
					};
					669DDAA825A649BC0088DD8B = {
						CreatedOnToolsVersion = 12.3;
						TestTargetID = 669DDA8725A649BA0088DD8B;
					};
				};
			};
			buildConfigurationList = 669DDA8325A649BA0088DD8B /* Build configuration list for PBXProject "Prework" */;
			compatibilityVersion = "Xcode 9.3";
			developmentRegion = en;
			hasScannedForEncodings = 0;
			knownRegions = (
				en,
				Base,
			);
			mainGroup = 669DDA7F25A649BA0088DD8B;
			productRefGroup = 669DDA8925A649BA0088DD8B /* Products */;
			projectDirPath = "";
			projectRoot = "";
			targets = (
				669DDA8725A649BA0088DD8B /* Prework */,
				669DDA9D25A649BC0088DD8B /* PreworkTests */,
				669DDAA825A649BC0088DD8B /* PreworkUITests */,
			);
		};
/* End PBXProject section */

/* Begin PBXResourcesBuildPhase section */
		669DDA8625A649BA0088DD8B /* Resources */ = {
			isa = PBXResourcesBuildPhase;
			buildActionMask = 2147483647;
			files = (
				669DDA9825A649BB0088DD8B /* LaunchScreen.storyboard in Resources */,
				669DDA9525A649BB0088DD8B /* Assets.xcassets in Resources */,
				669DDA9325A649BA0088DD8B /* Main.storyboard in Resources */,
			);
			runOnlyForDeploymentPostprocessing = 0;
		};
		669DDA9C25A649BC0088DD8B /* Resources */ = {
			isa = PBXResourcesBuildPhase;
			buildActionMask = 2147483647;
			files = (
			);
			runOnlyForDeploymentPostprocessing = 0;
		};
		669DDAA725A649BC0088DD8B /* Resources */ = {
			isa = PBXResourcesBuildPhase;
			buildActionMask = 2147483647;
			files = (
			);
			runOnlyForDeploymentPostprocessing = 0;
		};
/* End PBXResourcesBuildPhase section */

/* Begin PBXSourcesBuildPhase section */
		669DDA8425A649BA0088DD8B /* Sources */ = {
			isa = PBXSourcesBuildPhase;
			buildActionMask = 2147483647;
			files = (
				669DDA9025A649BA0088DD8B /* ViewController.swift in Sources */,
				669DDA8C25A649BA0088DD8B /* AppDelegate.swift in Sources */,
				669DDA8E25A649BA0088DD8B /* SceneDelegate.swift in Sources */,
			);
			runOnlyForDeploymentPostprocessing = 0;
		};
		669DDA9A25A649BC0088DD8B /* Sources */ = {
			isa = PBXSourcesBuildPhase;
			buildActionMask = 2147483647;
			files = (
				669DDAA325A649BC0088DD8B /* PreworkTests.swift in Sources */,
			);
			runOnlyForDeploymentPostprocessing = 0;
		};
		669DDAA525A649BC0088DD8B /* Sources */ = {
			isa = PBXSourcesBuildPhase;
			buildActionMask = 2147483647;
			files = (
				669DDAAE25A649BC0088DD8B /* PreworkUITests.swift in Sources */,
			);
			runOnlyForDeploymentPostprocessing = 0;
		};
/* End PBXSourcesBuildPhase section */

/* Begin PBXTargetDependency section */
		669DDAA025A649BC0088DD8B /* PBXTargetDependency */ = {
			isa = PBXTargetDependency;
			target = 669DDA8725A649BA0088DD8B /* Prework */;
			targetProxy = 669DDA9F25A649BC0088DD8B /* PBXContainerItemProxy */;
		};
		669DDAAB25A649BC0088DD8B /* PBXTargetDependency */ = {
			isa = PBXTargetDependency;
			target = 669DDA8725A649BA0088DD8B /* Prework */;
			targetProxy = 669DDAAA25A649BC0088DD8B /* PBXContainerItemProxy */;
		};
/* End PBXTargetDependency section */

/* Begin PBXVariantGroup section */
		669DDA9125A649BA0088DD8B /* Main.storyboard */ = {
			isa = PBXVariantGroup;
			children = (
				669DDA9225A649BA0088DD8B /* Base */,
			);
			name = Main.storyboard;
			sourceTree = "<group>";
		};
		669DDA9625A649BB0088DD8B /* LaunchScreen.storyboard */ = {
			isa = PBXVariantGroup;
			children = (
				669DDA9725A649BB0088DD8B /* Base */,
			);
			name = LaunchScreen.storyboard;
			sourceTree = "<group>";
		};
/* End PBXVariantGroup section */

/* Begin XCBuildConfiguration section */
		669DDAB025A649BC0088DD8B /* Debug */ = {
			isa = XCBuildConfiguration;
			buildSettings = {
				ALWAYS_SEARCH_USER_PATHS = NO;
				CLANG_ANALYZER_NONNULL = YES;
				CLANG_ANALYZER_NUMBER_OBJECT_CONVERSION = YES_AGGRESSIVE;
				CLANG_CXX_LANGUAGE_STANDARD = "gnu++14";
				CLANG_CXX_LIBRARY = "libc++";
				CLANG_ENABLE_MODULES = YES;
				CLANG_ENABLE_OBJC_ARC = YES;
				CLANG_ENABLE_OBJC_WEAK = YES;
				CLANG_WARN_BLOCK_CAPTURE_AUTORELEASING = YES;
				CLANG_WARN_BOOL_CONVERSION = YES;
				CLANG_WARN_COMMA = YES;
				CLANG_WARN_CONSTANT_CONVERSION = YES;
				CLANG_WARN_DEPRECATED_OBJC_IMPLEMENTATIONS = YES;
				CLANG_WARN_DIRECT_OBJC_ISA_USAGE = YES_ERROR;
				CLANG_WARN_DOCUMENTATION_COMMENTS = YES;
				CLANG_WARN_EMPTY_BODY = YES;
				CLANG_WARN_ENUM_CONVERSION = YES;
				CLANG_WARN_INFINITE_RECURSION = YES;
				CLANG_WARN_INT_CONVERSION = YES;
				CLANG_WARN_NON_LITERAL_NULL_CONVERSION = YES;
				CLANG_WARN_OBJC_IMPLICIT_RETAIN_SELF = YES;
				CLANG_WARN_OBJC_LITERAL_CONVERSION = YES;
				CLANG_WARN_OBJC_ROOT_CLASS = YES_ERROR;
				CLANG_WARN_QUOTED_INCLUDE_IN_FRAMEWORK_HEADER = YES;
				CLANG_WARN_RANGE_LOOP_ANALYSIS = YES;
				CLANG_WARN_STRICT_PROTOTYPES = YES;
				CLANG_WARN_SUSPICIOUS_MOVE = YES;
				CLANG_WARN_UNGUARDED_AVAILABILITY = YES_AGGRESSIVE;
				CLANG_WARN_UNREACHABLE_CODE = YES;
				CLANG_WARN__DUPLICATE_METHOD_MATCH = YES;
				COPY_PHASE_STRIP = NO;
				DEBUG_INFORMATION_FORMAT = dwarf;
				ENABLE_STRICT_OBJC_MSGSEND = YES;
				ENABLE_TESTABILITY = YES;
				GCC_C_LANGUAGE_STANDARD = gnu11;
				GCC_DYNAMIC_NO_PIC = NO;
				GCC_NO_COMMON_BLOCKS = YES;
				GCC_OPTIMIZATION_LEVEL = 0;
				GCC_PREPROCESSOR_DEFINITIONS = (
					"DEBUG=1",
					"$(inherited)",
				);
				GCC_WARN_64_TO_32_BIT_CONVERSION = YES;
				GCC_WARN_ABOUT_RETURN_TYPE = YES_ERROR;
				GCC_WARN_UNDECLARED_SELECTOR = YES;
				GCC_WARN_UNINITIALIZED_AUTOS = YES_AGGRESSIVE;
				GCC_WARN_UNUSED_FUNCTION = YES;
				GCC_WARN_UNUSED_VARIABLE = YES;
				IPHONEOS_DEPLOYMENT_TARGET = 14.3;
				MTL_ENABLE_DEBUG_INFO = INCLUDE_SOURCE;
				MTL_FAST_MATH = YES;
				ONLY_ACTIVE_ARCH = YES;
				SDKROOT = iphoneos;
				SWIFT_ACTIVE_COMPILATION_CONDITIONS = DEBUG;
				SWIFT_OPTIMIZATION_LEVEL = "-Onone";
			};
			name = Debug;
		};
		669DDAB125A649BC0088DD8B /* Release */ = {
			isa = XCBuildConfiguration;
			buildSettings = {
				ALWAYS_SEARCH_USER_PATHS = NO;
				CLANG_ANALYZER_NONNULL = YES;
				CLANG_ANALYZER_NUMBER_OBJECT_CONVERSION = YES_AGGRESSIVE;
				CLANG_CXX_LANGUAGE_STANDARD = "gnu++14";
				CLANG_CXX_LIBRARY = "libc++";
				CLANG_ENABLE_MODULES = YES;
				CLANG_ENABLE_OBJC_ARC = YES;
				CLANG_ENABLE_OBJC_WEAK = YES;
				CLANG_WARN_BLOCK_CAPTURE_AUTORELEASING = YES;
				CLANG_WARN_BOOL_CONVERSION = YES;
				CLANG_WARN_COMMA = YES;
				CLANG_WARN_CONSTANT_CONVERSION = YES;
				CLANG_WARN_DEPRECATED_OBJC_IMPLEMENTATIONS = YES;
				CLANG_WARN_DIRECT_OBJC_ISA_USAGE = YES_ERROR;
				CLANG_WARN_DOCUMENTATION_COMMENTS = YES;
				CLANG_WARN_EMPTY_BODY = YES;
				CLANG_WARN_ENUM_CONVERSION = YES;
				CLANG_WARN_INFINITE_RECURSION = YES;
				CLANG_WARN_INT_CONVERSION = YES;
				CLANG_WARN_NON_LITERAL_NULL_CONVERSION = YES;
				CLANG_WARN_OBJC_IMPLICIT_RETAIN_SELF = YES;
				CLANG_WARN_OBJC_LITERAL_CONVERSION = YES;
				CLANG_WARN_OBJC_ROOT_CLASS = YES_ERROR;
				CLANG_WARN_QUOTED_INCLUDE_IN_FRAMEWORK_HEADER = YES;
				CLANG_WARN_RANGE_LOOP_ANALYSIS = YES;
				CLANG_WARN_STRICT_PROTOTYPES = YES;
				CLANG_WARN_SUSPICIOUS_MOVE = YES;
				CLANG_WARN_UNGUARDED_AVAILABILITY = YES_AGGRESSIVE;
				CLANG_WARN_UNREACHABLE_CODE = YES;
				CLANG_WARN__DUPLICATE_METHOD_MATCH = YES;
				COPY_PHASE_STRIP = NO;
				DEBUG_INFORMATION_FORMAT = "dwarf-with-dsym";
				ENABLE_NS_ASSERTIONS = NO;
				ENABLE_STRICT_OBJC_MSGSEND = YES;
				GCC_C_LANGUAGE_STANDARD = gnu11;
				GCC_NO_COMMON_BLOCKS = YES;
				GCC_WARN_64_TO_32_BIT_CONVERSION = YES;
				GCC_WARN_ABOUT_RETURN_TYPE = YES_ERROR;
				GCC_WARN_UNDECLARED_SELECTOR = YES;
				GCC_WARN_UNINITIALIZED_AUTOS = YES_AGGRESSIVE;
				GCC_WARN_UNUSED_FUNCTION = YES;
				GCC_WARN_UNUSED_VARIABLE = YES;
				IPHONEOS_DEPLOYMENT_TARGET = 14.3;
				MTL_ENABLE_DEBUG_INFO = NO;
				MTL_FAST_MATH = YES;
				SDKROOT = iphoneos;
				SWIFT_COMPILATION_MODE = wholemodule;
				SWIFT_OPTIMIZATION_LEVEL = "-O";
				VALIDATE_PRODUCT = YES;
			};
			name = Release;
		};
		669DDAB325A649BC0088DD8B /* Debug */ = {
			isa = XCBuildConfiguration;
			buildSettings = {
				ASSETCATALOG_COMPILER_APPICON_NAME = AppIcon;
				ASSETCATALOG_COMPILER_GLOBAL_ACCENT_COLOR_NAME = AccentColor;
				CODE_SIGN_STYLE = Automatic;
				INFOPLIST_FILE = Prework/Info.plist;
				LD_RUNPATH_SEARCH_PATHS = (
					"$(inherited)",
					"@executable_path/Frameworks",
				);
				PRODUCT_BUNDLE_IDENTIFIER = com.mariya.Prework;
				PRODUCT_NAME = "$(TARGET_NAME)";
				SWIFT_VERSION = 5.0;
				TARGETED_DEVICE_FAMILY = "1,2";
			};
			name = Debug;
		};
		669DDAB425A649BC0088DD8B /* Release */ = {
			isa = XCBuildConfiguration;
			buildSettings = {
				ASSETCATALOG_COMPILER_APPICON_NAME = AppIcon;
				ASSETCATALOG_COMPILER_GLOBAL_ACCENT_COLOR_NAME = AccentColor;
				CODE_SIGN_STYLE = Automatic;
				INFOPLIST_FILE = Prework/Info.plist;
				LD_RUNPATH_SEARCH_PATHS = (
					"$(inherited)",
					"@executable_path/Frameworks",
				);
				PRODUCT_BUNDLE_IDENTIFIER = com.mariya.Prework;
				PRODUCT_NAME = "$(TARGET_NAME)";
				SWIFT_VERSION = 5.0;
				TARGETED_DEVICE_FAMILY = "1,2";
			};
			name = Release;
		};
		669DDAB625A649BC0088DD8B /* Debug */ = {
			isa = XCBuildConfiguration;
			buildSettings = {
				ALWAYS_EMBED_SWIFT_STANDARD_LIBRARIES = YES;
				BUNDLE_LOADER = "$(TEST_HOST)";
				CODE_SIGN_STYLE = Automatic;
				INFOPLIST_FILE = PreworkTests/Info.plist;
				IPHONEOS_DEPLOYMENT_TARGET = 14.3;
				LD_RUNPATH_SEARCH_PATHS = (
					"$(inherited)",
					"@executable_path/Frameworks",
					"@loader_path/Frameworks",
				);
				PRODUCT_BUNDLE_IDENTIFIER = com.mariya.PreworkTests;
				PRODUCT_NAME = "$(TARGET_NAME)";
				SWIFT_VERSION = 5.0;
				TARGETED_DEVICE_FAMILY = "1,2";
				TEST_HOST = "$(BUILT_PRODUCTS_DIR)/Prework.app/Prework";
			};
			name = Debug;
		};
		669DDAB725A649BC0088DD8B /* Release */ = {
			isa = XCBuildConfiguration;
			buildSettings = {
				ALWAYS_EMBED_SWIFT_STANDARD_LIBRARIES = YES;
				BUNDLE_LOADER = "$(TEST_HOST)";
				CODE_SIGN_STYLE = Automatic;
				INFOPLIST_FILE = PreworkTests/Info.plist;
				IPHONEOS_DEPLOYMENT_TARGET = 14.3;
				LD_RUNPATH_SEARCH_PATHS = (
					"$(inherited)",
					"@executable_path/Frameworks",
					"@loader_path/Frameworks",
				);
				PRODUCT_BUNDLE_IDENTIFIER = com.mariya.PreworkTests;
				PRODUCT_NAME = "$(TARGET_NAME)";
				SWIFT_VERSION = 5.0;
				TARGETED_DEVICE_FAMILY = "1,2";
				TEST_HOST = "$(BUILT_PRODUCTS_DIR)/Prework.app/Prework";
			};
			name = Release;
		};
		669DDAB925A649BC0088DD8B /* Debug */ = {
			isa = XCBuildConfiguration;
			buildSettings = {
				ALWAYS_EMBED_SWIFT_STANDARD_LIBRARIES = YES;
				CODE_SIGN_STYLE = Automatic;
				INFOPLIST_FILE = PreworkUITests/Info.plist;
				LD_RUNPATH_SEARCH_PATHS = (
					"$(inherited)",
					"@executable_path/Frameworks",
					"@loader_path/Frameworks",
				);
				PRODUCT_BUNDLE_IDENTIFIER = com.mariya.PreworkUITests;
				PRODUCT_NAME = "$(TARGET_NAME)";
				SWIFT_VERSION = 5.0;
				TARGETED_DEVICE_FAMILY = "1,2";
				TEST_TARGET_NAME = Prework;
			};
			name = Debug;
		};
		669DDABA25A649BC0088DD8B /* Release */ = {
			isa = XCBuildConfiguration;
			buildSettings = {
				ALWAYS_EMBED_SWIFT_STANDARD_LIBRARIES = YES;
				CODE_SIGN_STYLE = Automatic;
				INFOPLIST_FILE = PreworkUITests/Info.plist;
				LD_RUNPATH_SEARCH_PATHS = (
					"$(inherited)",
					"@executable_path/Frameworks",
					"@loader_path/Frameworks",
				);
				PRODUCT_BUNDLE_IDENTIFIER = com.mariya.PreworkUITests;
				PRODUCT_NAME = "$(TARGET_NAME)";
				SWIFT_VERSION = 5.0;
				TARGETED_DEVICE_FAMILY = "1,2";
				TEST_TARGET_NAME = Prework;
			};
			name = Release;
		};
/* End XCBuildConfiguration section */

/* Begin XCConfigurationList section */
		669DDA8325A649BA0088DD8B /* Build configuration list for PBXProject "Prework" */ = {
			isa = XCConfigurationList;
			buildConfigurations = (
				669DDAB025A649BC0088DD8B /* Debug */,
				669DDAB125A649BC0088DD8B /* Release */,
			);
			defaultConfigurationIsVisible = 0;
			defaultConfigurationName = Release;
		};
		669DDAB225A649BC0088DD8B /* Build configuration list for PBXNativeTarget "Prework" */ = {
			isa = XCConfigurationList;
			buildConfigurations = (
				669DDAB325A649BC0088DD8B /* Debug */,
				669DDAB425A649BC0088DD8B /* Release */,
			);
			defaultConfigurationIsVisible = 0;
			defaultConfigurationName = Release;
		};
		669DDAB525A649BC0088DD8B /* Build configuration list for PBXNativeTarget "PreworkTests" */ = {
			isa = XCConfigurationList;
			buildConfigurations = (
				669DDAB625A649BC0088DD8B /* Debug */,
				669DDAB725A649BC0088DD8B /* Release */,
			);
			defaultConfigurationIsVisible = 0;
			defaultConfigurationName = Release;
		};
		669DDAB825A649BC0088DD8B /* Build configuration list for PBXNativeTarget "PreworkUITests" */ = {
			isa = XCConfigurationList;
			buildConfigurations = (
				669DDAB925A649BC0088DD8B /* Debug */,
				669DDABA25A649BC0088DD8B /* Release */,
			);
			defaultConfigurationIsVisible = 0;
			defaultConfigurationName = Release;
		};
/* End XCConfigurationList section */
	};
	rootObject = 669DDA8025A649BA0088DD8B /* Project object */;
}
